
Microsoft Visual Studio Solution File, Format Version 12.00
# Visual Studio Version 16
VisualStudioVersion = 16.0.30011.22
MinimumVisualStudioVersion = 10.0.40219.1
Project("{2150E333-8FDC-42A3-9474-1A3956D46DE8}") = "Src", "Src", "{F823A88F-B2BF-4BBA-A630-6F7C840A168C}"
EndProject
Project("{2150E333-8FDC-42A3-9474-1A3956D46DE8}") = "Docs", "Docs", "{D6919C23-AD5A-4572-80F0-745C4049A9D8}"
EndProject
Project("{FAE04EC0-301F-11D3-BF4B-00C04F79EFBC}") = "Application", "Application\Application.csproj", "{9F079003-DA18-4A91-846D-B3AC37D5C9E0}"
EndProject
Project("{FAE04EC0-301F-11D3-BF4B-00C04F79EFBC}") = "Common", "Common\Common.csproj", "{21A2B013-680D-41E8-9EC3-1959A965F59B}"
EndProject
Project("{FAE04EC0-301F-11D3-BF4B-00C04F79EFBC}") = "Domain", "Domain\Domain.csproj", "{19DA3431-430F-4EC3-9577-DBA02CC6314C}"
EndProject
Project("{FAE04EC0-301F-11D3-BF4B-00C04F79EFBC}") = "Infraestrutura", "Infraestrutura\Infraestrutura.csproj", "{930F226E-6C04-4249-9FEB-74D8B32A14BA}"
EndProject
Project("{FAE04EC0-301F-11D3-BF4B-00C04F79EFBC}") = "Persitence", "Persitence\Persitence.csproj", "{ADA402EB-9FCE-4129-AF9E-BC692A066B92}"
EndProject
Project("{2150E333-8FDC-42A3-9474-1A3956D46DE8}") = "WebUI", "WebUI", "{0E8A3B49-DD8E-4CFD-AFB2-C0F38EEA3F4D}"
EndProject
Project("{FAE04EC0-301F-11D3-BF4B-00C04F79EFBC}") = "imprensis", "imprensis\imprensis.csproj", "{BC852640-9F68-47B6-B4FE-AFA592B98525}"
EndProject
Global
	GlobalSection(SolutionConfigurationPlatforms) = preSolution
		Debug|Any CPU = Debug|Any CPU
		Release|Any CPU = Release|Any CPU
	EndGlobalSection
	GlobalSection(ProjectConfigurationPlatforms) = postSolution
		{9F079003-DA18-4A91-846D-B3AC37D5C9E0}.Debug|Any CPU.ActiveCfg = Debug|Any CPU
		{9F079003-DA18-4A91-846D-B3AC37D5C9E0}.Debug|Any CPU.Build.0 = Debug|Any CPU
		{9F079003-DA18-4A91-846D-B3AC37D5C9E0}.Release|Any CPU.ActiveCfg = Release|Any CPU
		{9F079003-DA18-4A91-846D-B3AC37D5C9E0}.Release|Any CPU.Build.0 = Release|Any CPU
		{21A2B013-680D-41E8-9EC3-1959A965F59B}.Debug|Any CPU.ActiveCfg = Debug|Any CPU
		{21A2B013-680D-41E8-9EC3-1959A965F59B}.Debug|Any CPU.Build.0 = Debug|Any CPU
		{21A2B013-680D-41E8-9EC3-1959A965F59B}.Release|Any CPU.ActiveCfg = Release|Any CPU
		{21A2B013-680D-41E8-9EC3-1959A965F59B}.Release|Any CPU.Build.0 = Release|Any CPU
		{19DA3431-430F-4EC3-9577-DBA02CC6314C}.Debug|Any CPU.ActiveCfg = Debug|Any CPU
		{19DA3431-430F-4EC3-9577-DBA02CC6314C}.Debug|Any CPU.Build.0 = Debug|Any CPU
		{19DA3431-430F-4EC3-9577-DBA02CC6314C}.Release|Any CPU.ActiveCfg = Release|Any CPU
		{19DA3431-430F-4EC3-9577-DBA02CC6314C}.Release|Any CPU.Build.0 = Release|Any CPU
		{930F226E-6C04-4249-9FEB-74D8B32A14BA}.Debug|Any CPU.ActiveCfg = Debug|Any CPU
		{930F226E-6C04-4249-9FEB-74D8B32A14BA}.Debug|Any CPU.Build.0 = Debug|Any CPU
		{930F226E-6C04-4249-9FEB-74D8B32A14BA}.Release|Any CPU.ActiveCfg = Release|Any CPU
		{930F226E-6C04-4249-9FEB-74D8B32A14BA}.Release|Any CPU.Build.0 = Release|Any CPU
		{ADA402EB-9FCE-4129-AF9E-BC692A066B92}.Debug|Any CPU.ActiveCfg = Debug|Any CPU
		{ADA402EB-9FCE-4129-AF9E-BC692A066B92}.Debug|Any CPU.Build.0 = Debug|Any CPU
		{ADA402EB-9FCE-4129-AF9E-BC692A066B92}.Release|Any CPU.ActiveCfg = Release|Any CPU
		{ADA402EB-9FCE-4129-AF9E-BC692A066B92}.Release|Any CPU.Build.0 = Release|Any CPU
		{BC852640-9F68-47B6-B4FE-AFA592B98525}.Debug|Any CPU.ActiveCfg = Debug|Any CPU
		{BC852640-9F68-47B6-B4FE-AFA592B98525}.Debug|Any CPU.Build.0 = Debug|Any CPU
		{BC852640-9F68-47B6-B4FE-AFA592B98525}.Release|Any CPU.ActiveCfg = Release|Any CPU
		{BC852640-9F68-47B6-B4FE-AFA592B98525}.Release|Any CPU.Build.0 = Release|Any CPU
	EndGlobalSection
	GlobalSection(SolutionProperties) = preSolution
		HideSolutionNode = FALSE
	EndGlobalSection
	GlobalSection(NestedProjects) = preSolution
		{9F079003-DA18-4A91-846D-B3AC37D5C9E0} = {F823A88F-B2BF-4BBA-A630-6F7C840A168C}
		{21A2B013-680D-41E8-9EC3-1959A965F59B} = {F823A88F-B2BF-4BBA-A630-6F7C840A168C}
		{19DA3431-430F-4EC3-9577-DBA02CC6314C} = {F823A88F-B2BF-4BBA-A630-6F7C840A168C}
		{930F226E-6C04-4249-9FEB-74D8B32A14BA} = {F823A88F-B2BF-4BBA-A630-6F7C840A168C}
		{ADA402EB-9FCE-4129-AF9E-BC692A066B92} = {F823A88F-B2BF-4BBA-A630-6F7C840A168C}
		{0E8A3B49-DD8E-4CFD-AFB2-C0F38EEA3F4D} = {F823A88F-B2BF-4BBA-A630-6F7C840A168C}
		{BC852640-9F68-47B6-B4FE-AFA592B98525} = {0E8A3B49-DD8E-4CFD-AFB2-C0F38EEA3F4D}
	EndGlobalSection
	GlobalSection(ExtensibilityGlobals) = postSolution
		SolutionGuid = {28A9C8D6-57D7-4920-BBC7-5FB2B98B60B4}
	EndGlobalSection
EndGlobal
